
Microsoft Visual Studio Solution File, Format Version 12.00
# Visual Studio Version 16
VisualStudioVersion = 16.0.31205.134
MinimumVisualStudioVersion = 10.0.40219.1
Project("{FAE04EC0-301F-11D3-BF4B-00C04F79EFBC}") = "ELibrary", "ELibrary.csproj", "{9216BAE7-4250-4C73-88C2-DF6D0A974D9C}"
EndProject
Global
	GlobalSection(SolutionConfigurationPlatforms) = preSolution
		Debug|Any CPU = Debug|Any CPU
		Release|Any CPU = Release|Any CPU
	EndGlobalSection
	GlobalSection(ProjectConfigurationPlatforms) = postSolution
		{9216BAE7-4250-4C73-88C2-DF6D0A974D9C}.Debug|Any CPU.ActiveCfg = Debug|Any CPU
		{9216BAE7-4250-4C73-88C2-DF6D0A974D9C}.Debug|Any CPU.Build.0 = Debug|Any CPU
		{9216BAE7-4250-4C73-88C2-DF6D0A974D9C}.Release|Any CPU.ActiveCfg = Release|Any CPU
		{9216BAE7-4250-4C73-88C2-DF6D0A974D9C}.Release|Any CPU.Build.0 = Release|Any CPU
	EndGlobalSection
	GlobalSection(SolutionProperties) = preSolution
		HideSolutionNode = FALSE
	EndGlobalSection
	GlobalSection(ExtensibilityGlobals) = postSolution
		SolutionGuid = {696DD5C8-A9C7-465C-9AFA-505477498EF3}
	EndGlobalSection
EndGlobal
